// !$*UTF8*$!
{
	archiveVersion = 1;
	classes = {
	};
	objectVersion = 46;
	objects = {

/* Begin PBXBuildFile section */
		8238500E1A10BC0900CF383E /* main.m in Sources */ = {isa = PBXBuildFile; fileRef = 8238500D1A10BC0900CF383E /* main.m */; };
		823850111A10BC0900CF383E /* AppDelegate.m in Sources */ = {isa = PBXBuildFile; fileRef = 823850101A10BC0900CF383E /* AppDelegate.m */; };
		823850141A10BC0900CF383E /* ViewController.m in Sources */ = {isa = PBXBuildFile; fileRef = 823850131A10BC0900CF383E /* ViewController.m */; };
		823850171A10BC0900CF383E /* Main.storyboard in Resources */ = {isa = PBXBuildFile; fileRef = 823850151A10BC0900CF383E /* Main.storyboard */; };
		823850191A10BC0900CF383E /* Images.xcassets in Resources */ = {isa = PBXBuildFile; fileRef = 823850181A10BC0900CF383E /* Images.xcassets */; };
		8238501C1A10BC0900CF383E /* LaunchScreen.xib in Resources */ = {isa = PBXBuildFile; fileRef = 8238501A1A10BC0900CF383E /* LaunchScreen.xib */; };
		823850281A10BC0900CF383E /* C348_C348_Exercise04Tests.m in Sources */ = {isa = PBXBuildFile; fileRef = 823850271A10BC0900CF383E /* C348_C348_Exercise04Tests.m */; };
		823850361A10BE1800CF383E /* lizard.jpg in Resources */ = {isa = PBXBuildFile; fileRef = 823850311A10BE1800CF383E /* lizard.jpg */; };
		823850371A10BE1800CF383E /* paper.jpg in Resources */ = {isa = PBXBuildFile; fileRef = 823850321A10BE1800CF383E /* paper.jpg */; };
		823850381A10BE1800CF383E /* rock.jpg in Resources */ = {isa = PBXBuildFile; fileRef = 823850331A10BE1800CF383E /* rock.jpg */; };
		823850391A10BE1800CF383E /* scissors.jpg in Resources */ = {isa = PBXBuildFile; fileRef = 823850341A10BE1800CF383E /* scissors.jpg */; };
		8238503A1A10BE1800CF383E /* spock.jpg in Resources */ = {isa = PBXBuildFile; fileRef = 823850351A10BE1800CF383E /* spock.jpg */; };
/* End PBXBuildFile section */

/* Begin PBXContainerItemProxy section */
		823850221A10BC0900CF383E /* PBXContainerItemProxy */ = {
			isa = PBXContainerItemProxy;
			containerPortal = 823850001A10BC0900CF383E /* Project object */;
			proxyType = 1;
			remoteGlobalIDString = 823850071A10BC0900CF383E;
			remoteInfo = "C348-C348-Exercise04";
		};
/* End PBXContainerItemProxy section */

/* Begin PBXFileReference section */
		823850081A10BC0900CF383E /* C348-C348-Exercise04.app */ = {isa = PBXFileReference; explicitFileType = wrapper.application; includeInIndex = 0; path = "C348-C348-Exercise04.app"; sourceTree = BUILT_PRODUCTS_DIR; };
		8238500C1A10BC0900CF383E /* Info.plist */ = {isa = PBXFileReference; lastKnownFileType = text.plist.xml; path = Info.plist; sourceTree = "<group>"; };
		8238500D1A10BC0900CF383E /* main.m */ = {isa = PBXFileReference; lastKnownFileType = sourcecode.c.objc; path = main.m; sourceTree = "<group>"; };
		8238500F1A10BC0900CF383E /* AppDelegate.h */ = {isa = PBXFileReference; lastKnownFileType = sourcecode.c.h; path = AppDelegate.h; sourceTree = "<group>"; };
		823850101A10BC0900CF383E /* AppDelegate.m */ = {isa = PBXFileReference; lastKnownFileType = sourcecode.c.objc; path = AppDelegate.m; sourceTree = "<group>"; };
		823850121A10BC0900CF383E /* ViewController.h */ = {isa = PBXFileReference; lastKnownFileType = sourcecode.c.h; path = ViewController.h; sourceTree = "<group>"; };
		823850131A10BC0900CF383E /* ViewController.m */ = {isa = PBXFileReference; lastKnownFileType = sourcecode.c.objc; path = ViewController.m; sourceTree = "<group>"; };
		823850161A10BC0900CF383E /* Base */ = {isa = PBXFileReference; lastKnownFileType = file.storyboard; name = Base; path = Base.lproj/Main.storyboard; sourceTree = "<group>"; };
		823850181A10BC0900CF383E /* Images.xcassets */ = {isa = PBXFileReference; lastKnownFileType = folder.assetcatalog; path = Images.xcassets; sourceTree = "<group>"; };
		8238501B1A10BC0900CF383E /* Base */ = {isa = PBXFileReference; lastKnownFileType = file.xib; name = Base; path = Base.lproj/LaunchScreen.xib; sourceTree = "<group>"; };
		823850211A10BC0900CF383E /* C348-C348-Exercise04Tests.xctest */ = {isa = PBXFileReference; explicitFileType = wrapper.cfbundle; includeInIndex = 0; path = "C348-C348-Exercise04Tests.xctest"; sourceTree = BUILT_PRODUCTS_DIR; };
		823850261A10BC0900CF383E /* Info.plist */ = {isa = PBXFileReference; lastKnownFileType = text.plist.xml; path = Info.plist; sourceTree = "<group>"; };
		823850271A10BC0900CF383E /* C348_C348_Exercise04Tests.m */ = {isa = PBXFileReference; lastKnownFileType = sourcecode.c.objc; path = C348_C348_Exercise04Tests.m; sourceTree = "<group>"; };
		823850311A10BE1800CF383E /* lizard.jpg */ = {isa = PBXFileReference; lastKnownFileType = image.jpeg; path = lizard.jpg; sourceTree = "<group>"; };
		823850321A10BE1800CF383E /* paper.jpg */ = {isa = PBXFileReference; lastKnownFileType = image.jpeg; path = paper.jpg; sourceTree = "<group>"; };
		823850331A10BE1800CF383E /* rock.jpg */ = {isa = PBXFileReference; lastKnownFileType = image.jpeg; path = rock.jpg; sourceTree = "<group>"; };
		823850341A10BE1800CF383E /* scissors.jpg */ = {isa = PBXFileReference; lastKnownFileType = image.jpeg; path = scissors.jpg; sourceTree = "<group>"; };
		823850351A10BE1800CF383E /* spock.jpg */ = {isa = PBXFileReference; lastKnownFileType = image.jpeg; path = spock.jpg; sourceTree = "<group>"; };
/* End PBXFileReference section */

/* Begin PBXFrameworksBuildPhase section */
		823850051A10BC0900CF383E /* Frameworks */ = {
			isa = PBXFrameworksBuildPhase;
			buildActionMask = 2147483647;
			files = (
			);
			runOnlyForDeploymentPostprocessing = 0;
		};
		8238501E1A10BC0900CF383E /* Frameworks */ = {
			isa = PBXFrameworksBuildPhase;
			buildActionMask = 2147483647;
			files = (
			);
			runOnlyForDeploymentPostprocessing = 0;
		};
/* End PBXFrameworksBuildPhase section */

/* Begin PBXGroup section */
		82384FFF1A10BC0900CF383E = {
			isa = PBXGroup;
			children = (
				8238500A1A10BC0900CF383E /* C348-C348-Exercise04 */,
				823850241A10BC0900CF383E /* C348-C348-Exercise04Tests */,
				823850091A10BC0900CF383E /* Products */,
			);
			sourceTree = "<group>";
		};
		823850091A10BC0900CF383E /* Products */ = {
			isa = PBXGroup;
			children = (
				823850081A10BC0900CF383E /* C348-C348-Exercise04.app */,
				823850211A10BC0900CF383E /* C348-C348-Exercise04Tests.xctest */,
			);
			name = Products;
			sourceTree = "<group>";
		};
		8238500A1A10BC0900CF383E /* C348-C348-Exercise04 */ = {
			isa = PBXGroup;
			children = (
				823850311A10BE1800CF383E /* lizard.jpg */,
				823850321A10BE1800CF383E /* paper.jpg */,
				823850331A10BE1800CF383E /* rock.jpg */,
				823850341A10BE1800CF383E /* scissors.jpg */,
				823850351A10BE1800CF383E /* spock.jpg */,
				8238500F1A10BC0900CF383E /* AppDelegate.h */,
				823850101A10BC0900CF383E /* AppDelegate.m */,
				823850121A10BC0900CF383E /* ViewController.h */,
				823850131A10BC0900CF383E /* ViewController.m */,
				823850151A10BC0900CF383E /* Main.storyboard */,
				823850181A10BC0900CF383E /* Images.xcassets */,
				8238501A1A10BC0900CF383E /* LaunchScreen.xib */,
				8238500B1A10BC0900CF383E /* Supporting Files */,
			);
			path = "C348-C348-Exercise04";
			sourceTree = "<group>";
		};
		8238500B1A10BC0900CF383E /* Supporting Files */ = {
			isa = PBXGroup;
			children = (
				8238500C1A10BC0900CF383E /* Info.plist */,
				8238500D1A10BC0900CF383E /* main.m */,
			);
			name = "Supporting Files";
			sourceTree = "<group>";
		};
		823850241A10BC0900CF383E /* C348-C348-Exercise04Tests */ = {
			isa = PBXGroup;
			children = (
				823850271A10BC0900CF383E /* C348_C348_Exercise04Tests.m */,
				823850251A10BC0900CF383E /* Supporting Files */,
			);
			path = "C348-C348-Exercise04Tests";
			sourceTree = "<group>";
		};
		823850251A10BC0900CF383E /* Supporting Files */ = {
			isa = PBXGroup;
			children = (
				823850261A10BC0900CF383E /* Info.plist */,
			);
			name = "Supporting Files";
			sourceTree = "<group>";
		};
/* End PBXGroup section */

/* Begin PBXNativeTarget section */
		823850071A10BC0900CF383E /* C348-C348-Exercise04 */ = {
			isa = PBXNativeTarget;
			buildConfigurationList = 8238502B1A10BC0900CF383E /* Build configuration list for PBXNativeTarget "C348-C348-Exercise04" */;
			buildPhases = (
				823850041A10BC0900CF383E /* Sources */,
				823850051A10BC0900CF383E /* Frameworks */,
				823850061A10BC0900CF383E /* Resources */,
			);
			buildRules = (
			);
			dependencies = (
			);
			name = "C348-C348-Exercise04";
			productName = "C348-C348-Exercise04";
			productReference = 823850081A10BC0900CF383E /* C348-C348-Exercise04.app */;
			productType = "com.apple.product-type.application";
		};
		823850201A10BC0900CF383E /* C348-C348-Exercise04Tests */ = {
			isa = PBXNativeTarget;
			buildConfigurationList = 8238502E1A10BC0900CF383E /* Build configuration list for PBXNativeTarget "C348-C348-Exercise04Tests" */;
			buildPhases = (
				8238501D1A10BC0900CF383E /* Sources */,
				8238501E1A10BC0900CF383E /* Frameworks */,
				8238501F1A10BC0900CF383E /* Resources */,
			);
			buildRules = (
			);
			dependencies = (
				823850231A10BC0900CF383E /* PBXTargetDependency */,
			);
			name = "C348-C348-Exercise04Tests";
			productName = "C348-C348-Exercise04Tests";
			productReference = 823850211A10BC0900CF383E /* C348-C348-Exercise04Tests.xctest */;
			productType = "com.apple.product-type.bundle.unit-test";
		};
/* End PBXNativeTarget section */

/* Begin PBXProject section */
		823850001A10BC0900CF383E /* Project object */ = {
			isa = PBXProject;
			attributes = {
				LastUpgradeCheck = 0610;
				ORGANIZATIONNAME = "Republic Polytechnic";
				TargetAttributes = {
					823850071A10BC0900CF383E = {
						CreatedOnToolsVersion = 6.1;
					};
					823850201A10BC0900CF383E = {
						CreatedOnToolsVersion = 6.1;
						TestTargetID = 823850071A10BC0900CF383E;
					};
				};
			};
			buildConfigurationList = 823850031A10BC0900CF383E /* Build configuration list for PBXProject "C348-C348-Exercise04" */;
			compatibilityVersion = "Xcode 3.2";
			developmentRegion = English;
			hasScannedForEncodings = 0;
			knownRegions = (
				en,
				Base,
			);
			mainGroup = 82384FFF1A10BC0900CF383E;
			productRefGroup = 823850091A10BC0900CF383E /* Products */;
			projectDirPath = "";
			projectRoot = "";
			targets = (
				823850071A10BC0900CF383E /* C348-C348-Exercise04 */,
				823850201A10BC0900CF383E /* C348-C348-Exercise04Tests */,
			);
		};
/* End PBXProject section */

/* Begin PBXResourcesBuildPhase section */
		823850061A10BC0900CF383E /* Resources */ = {
			isa = PBXResourcesBuildPhase;
			buildActionMask = 2147483647;
			files = (
				8238503A1A10BE1800CF383E /* spock.jpg in Resources */,
				823850171A10BC0900CF383E /* Main.storyboard in Resources */,
				823850371A10BE1800CF383E /* paper.jpg in Resources */,
				8238501C1A10BC0900CF383E /* LaunchScreen.xib in Resources */,
				823850391A10BE1800CF383E /* scissors.jpg in Resources */,
				823850191A10BC0900CF383E /* Images.xcassets in Resources */,
				823850381A10BE1800CF383E /* rock.jpg in Resources */,
				823850361A10BE1800CF383E /* lizard.jpg in Resources */,
			);
			runOnlyForDeploymentPostprocessing = 0;
		};
		8238501F1A10BC0900CF383E /* Resources */ = {
			isa = PBXResourcesBuildPhase;
			buildActionMask = 2147483647;
			files = (
			);
			runOnlyForDeploymentPostprocessing = 0;
		};
/* End PBXResourcesBuildPhase section */

/* Begin PBXSourcesBuildPhase section */
		823850041A10BC0900CF383E /* Sources */ = {
			isa = PBXSourcesBuildPhase;
			buildActionMask = 2147483647;
			files = (
				823850141A10BC0900CF383E /* ViewController.m in Sources */,
				823850111A10BC0900CF383E /* AppDelegate.m in Sources */,
				8238500E1A10BC0900CF383E /* main.m in Sources */,
			);
			runOnlyForDeploymentPostprocessing = 0;
		};
		8238501D1A10BC0900CF383E /* Sources */ = {
			isa = PBXSourcesBuildPhase;
			buildActionMask = 2147483647;
			files = (
				823850281A10BC0900CF383E /* C348_C348_Exercise04Tests.m in Sources */,
			);
			runOnlyForDeploymentPostprocessing = 0;
		};
/* End PBXSourcesBuildPhase section */

/* Begin PBXTargetDependency section */
		823850231A10BC0900CF383E /* PBXTargetDependency */ = {
			isa = PBXTargetDependency;
			target = 823850071A10BC0900CF383E /* C348-C348-Exercise04 */;
			targetProxy = 823850221A10BC0900CF383E /* PBXContainerItemProxy */;
		};
/* End PBXTargetDependency section */

/* Begin PBXVariantGroup section */
		823850151A10BC0900CF383E /* Main.storyboard */ = {
			isa = PBXVariantGroup;
			children = (
				823850161A10BC0900CF383E /* Base */,
			);
			name = Main.storyboard;
			sourceTree = "<group>";
		};
		8238501A1A10BC0900CF383E /* LaunchScreen.xib */ = {
			isa = PBXVariantGroup;
			children = (
				8238501B1A10BC0900CF383E /* Base */,
			);
			name = LaunchScreen.xib;
			sourceTree = "<group>";
		};
/* End PBXVariantGroup section */

/* Begin XCBuildConfiguration section */
		823850291A10BC0900CF383E /* Debug */ = {
			isa = XCBuildConfiguration;
			buildSettings = {
				ALWAYS_SEARCH_USER_PATHS = NO;
				CLANG_CXX_LANGUAGE_STANDARD = "gnu++0x";
				CLANG_CXX_LIBRARY = "libc++";
				CLANG_ENABLE_MODULES = YES;
				CLANG_ENABLE_OBJC_ARC = YES;
				CLANG_WARN_BOOL_CONVERSION = YES;
				CLANG_WARN_CONSTANT_CONVERSION = YES;
				CLANG_WARN_DIRECT_OBJC_ISA_USAGE = YES_ERROR;
				CLANG_WARN_EMPTY_BODY = YES;
				CLANG_WARN_ENUM_CONVERSION = YES;
				CLANG_WARN_INT_CONVERSION = YES;
				CLANG_WARN_OBJC_ROOT_CLASS = YES_ERROR;
				CLANG_WARN_UNREACHABLE_CODE = YES;
				CLANG_WARN__DUPLICATE_METHOD_MATCH = YES;
				"CODE_SIGN_IDENTITY[sdk=iphoneos*]" = "iPhone Developer";
				COPY_PHASE_STRIP = NO;
				ENABLE_STRICT_OBJC_MSGSEND = YES;
				GCC_C_LANGUAGE_STANDARD = gnu99;
				GCC_DYNAMIC_NO_PIC = NO;
				GCC_OPTIMIZATION_LEVEL = 0;
				GCC_PREPROCESSOR_DEFINITIONS = (
					"DEBUG=1",
					"$(inherited)",
				);
				GCC_SYMBOLS_PRIVATE_EXTERN = NO;
				GCC_WARN_64_TO_32_BIT_CONVERSION = YES;
				GCC_WARN_ABOUT_RETURN_TYPE = YES_ERROR;
				GCC_WARN_UNDECLARED_SELECTOR = YES;
				GCC_WARN_UNINITIALIZED_AUTOS = YES_AGGRESSIVE;
				GCC_WARN_UNUSED_FUNCTION = YES;
				GCC_WARN_UNUSED_VARIABLE = YES;
				IPHONEOS_DEPLOYMENT_TARGET = 8.1;
				MTL_ENABLE_DEBUG_INFO = YES;
				ONLY_ACTIVE_ARCH = YES;
				SDKROOT = iphoneos;
				TARGETED_DEVICE_FAMILY = "1,2";
			};
			name = Debug;
		};
		8238502A1A10BC0900CF383E /* Release */ = {
			isa = XCBuildConfiguration;
			buildSettings = {
				ALWAYS_SEARCH_USER_PATHS = NO;
				CLANG_CXX_LANGUAGE_STANDARD = "gnu++0x";
				CLANG_CXX_LIBRARY = "libc++";
				CLANG_ENABLE_MODULES = YES;
				CLANG_ENABLE_OBJC_ARC = YES;
				CLANG_WARN_BOOL_CONVERSION = YES;
				CLANG_WARN_CONSTANT_CONVERSION = YES;
				CLANG_WARN_DIRECT_OBJC_ISA_USAGE = YES_ERROR;
				CLANG_WARN_EMPTY_BODY = YES;
				CLANG_WARN_ENUM_CONVERSION = YES;
				CLANG_WARN_INT_CONVERSION = YES;
				CLANG_WARN_OBJC_ROOT_CLASS = YES_ERROR;
				CLANG_WARN_UNREACHABLE_CODE = YES;
				CLANG_WARN__DUPLICATE_METHOD_MATCH = YES;
				"CODE_SIGN_IDENTITY[sdk=iphoneos*]" = "iPhone Developer";
				COPY_PHASE_STRIP = YES;
				ENABLE_NS_ASSERTIONS = NO;
				ENABLE_STRICT_OBJC_MSGSEND = YES;
				GCC_C_LANGUAGE_STANDARD = gnu99;
				GCC_WARN_64_TO_32_BIT_CONVERSION = YES;
				GCC_WARN_ABOUT_RETURN_TYPE = YES_ERROR;
				GCC_WARN_UNDECLARED_SELECTOR = YES;
				GCC_WARN_UNINITIALIZED_AUTOS = YES_AGGRESSIVE;
				GCC_WARN_UNUSED_FUNCTION = YES;
				GCC_WARN_UNUSED_VARIABLE = YES;
				IPHONEOS_DEPLOYMENT_TARGET = 8.1;
				MTL_ENABLE_DEBUG_INFO = NO;
				SDKROOT = iphoneos;
				TARGETED_DEVICE_FAMILY = "1,2";
				VALIDATE_PRODUCT = YES;
			};
			name = Release;
		};
		8238502C1A10BC0900CF383E /* Debug */ = {
			isa = XCBuildConfiguration;
			buildSettings = {
				ASSETCATALOG_COMPILER_APPICON_NAME = AppIcon;
				INFOPLIST_FILE = "C348-C348-Exercise04/Info.plist";
				LD_RUNPATH_SEARCH_PATHS = "$(inherited) @executable_path/Frameworks";
				PRODUCT_NAME = "$(TARGET_NAME)";
			};
			name = Debug;
		};
		8238502D1A10BC0900CF383E /* Release */ = {
			isa = XCBuildConfiguration;
			buildSettings = {
				ASSETCATALOG_COMPILER_APPICON_NAME = AppIcon;
				INFOPLIST_FILE = "C348-C348-Exercise04/Info.plist";
				LD_RUNPATH_SEARCH_PATHS = "$(inherited) @executable_path/Frameworks";
				PRODUCT_NAME = "$(TARGET_NAME)";
			};
			name = Release;
		};
		8238502F1A10BC0900CF383E /* Debug */ = {
			isa = XCBuildConfiguration;
			buildSettings = {
				BUNDLE_LOADER = "$(TEST_HOST)";
				FRAMEWORK_SEARCH_PATHS = (
					"$(SDKROOT)/Developer/Library/Frameworks",
					"$(inherited)",
				);
				GCC_PREPROCESSOR_DEFINITIONS = (
					"DEBUG=1",
					"$(inherited)",
				);
				INFOPLIST_FILE = "C348-C348-Exercise04Tests/Info.plist";
				LD_RUNPATH_SEARCH_PATHS = "$(inherited) @executable_path/Frameworks @loader_path/Frameworks";
				PRODUCT_NAME = "$(TARGET_NAME)";
				TEST_HOST = "$(BUILT_PRODUCTS_DIR)/C348-C348-Exercise04.app/C348-C348-Exercise04";
			};
			name = Debug;
		};
		823850301A10BC0900CF383E /* Release */ = {
			isa = XCBuildConfiguration;
			buildSettings = {
				BUNDLE_LOADER = "$(TEST_HOST)";
				FRAMEWORK_SEARCH_PATHS = (
					"$(SDKROOT)/Developer/Library/Frameworks",
					"$(inherited)",
				);
				INFOPLIST_FILE = "C348-C348-Exercise04Tests/Info.plist";
				LD_RUNPATH_SEARCH_PATHS = "$(inherited) @executable_path/Frameworks @loader_path/Frameworks";
				PRODUCT_NAME = "$(TARGET_NAME)";
				TEST_HOST = "$(BUILT_PRODUCTS_DIR)/C348-C348-Exercise04.app/C348-C348-Exercise04";
			};
			name = Release;
		};
/* End XCBuildConfiguration section */

/* Begin XCConfigurationList section */
		823850031A10BC0900CF383E /* Build configuration list for PBXProject "C348-C348-Exercise04" */ = {
			isa = XCConfigurationList;
			buildConfigurations = (
				823850291A10BC0900CF383E /* Debug */,
				8238502A1A10BC0900CF383E /* Release */,
			);
			defaultConfigurationIsVisible = 0;
			defaultConfigurationName = Release;
		};
		8238502B1A10BC0900CF383E /* Build configuration list for PBXNativeTarget "C348-C348-Exercise04" */ = {
			isa = XCConfigurationList;
			buildConfigurations = (
				8238502C1A10BC0900CF383E /* Debug */,
				8238502D1A10BC0900CF383E /* Release */,
			);
			defaultConfigurationIsVisible = 0;
		};
		8238502E1A10BC0900CF383E /* Build configuration list for PBXNativeTarget "C348-C348-Exercise04Tests" */ = {
			isa = XCConfigurationList;
			buildConfigurations = (
				8238502F1A10BC0900CF383E /* Debug */,
				823850301A10BC0900CF383E /* Release */,
			);
			defaultConfigurationIsVisible = 0;
		};
/* End XCConfigurationList section */
	};
	rootObject = 823850001A10BC0900CF383E /* Project object */;
}
